// !$*UTF8*$!
{
	archiveVersion = 1;
	classes = {
	};
	objectVersion = 51;
	objects = {

/* Begin PBXBuildFile section */
		3624F64B21C0E94E00EAF9E3 /* point_operations.cpp in Sources */ = {isa = PBXBuildFile; fileRef = 3624F64921C0E94E00EAF9E3 /* point_operations.cpp */; };
		3624F64E21C0EA0100EAF9E3 /* utils.cpp in Sources */ = {isa = PBXBuildFile; fileRef = 3624F64C21C0EA0100EAF9E3 /* utils.cpp */; };
		3624F65121C0F0A800EAF9E3 /* window_operations.cpp in Sources */ = {isa = PBXBuildFile; fileRef = 3624F64F21C0F0A800EAF9E3 /* window_operations.cpp */; };
		3624F65421C0FD7F00EAF9E3 /* segmentation.cpp in Sources */ = {isa = PBXBuildFile; fileRef = 3624F65221C0FD7F00EAF9E3 /* segmentation.cpp */; };
		3624F65721C10B5E00EAF9E3 /* shape_analyze.cpp in Sources */ = {isa = PBXBuildFile; fileRef = 3624F65521C10B5E00EAF9E3 /* shape_analyze.cpp */; };
		36B78EDD21BD494700F036DA /* main.cpp in Sources */ = {isa = PBXBuildFile; fileRef = 36B78EDC21BD494700F036DA /* main.cpp */; };
/* End PBXBuildFile section */

/* Begin PBXCopyFilesBuildPhase section */
		36B78ED721BD494700F036DA /* CopyFiles */ = {
			isa = PBXCopyFilesBuildPhase;
			buildActionMask = 2147483647;
			dstPath = /usr/share/man/man1/;
			dstSubfolderSpec = 0;
			files = (
			);
			runOnlyForDeploymentPostprocessing = 1;
		};
/* End PBXCopyFilesBuildPhase section */

/* Begin PBXFileReference section */
		3624F64921C0E94E00EAF9E3 /* point_operations.cpp */ = {isa = PBXFileReference; lastKnownFileType = sourcecode.cpp.cpp; path = point_operations.cpp; sourceTree = "<group>"; };
		3624F64A21C0E94E00EAF9E3 /* point_operations.hpp */ = {isa = PBXFileReference; lastKnownFileType = sourcecode.cpp.h; path = point_operations.hpp; sourceTree = "<group>"; };
		3624F64C21C0EA0100EAF9E3 /* utils.cpp */ = {isa = PBXFileReference; lastKnownFileType = sourcecode.cpp.cpp; path = utils.cpp; sourceTree = "<group>"; };
		3624F64D21C0EA0100EAF9E3 /* utils.hpp */ = {isa = PBXFileReference; lastKnownFileType = sourcecode.cpp.h; path = utils.hpp; sourceTree = "<group>"; };
		3624F64F21C0F0A800EAF9E3 /* window_operations.cpp */ = {isa = PBXFileReference; lastKnownFileType = sourcecode.cpp.cpp; path = window_operations.cpp; sourceTree = "<group>"; };
		3624F65021C0F0A800EAF9E3 /* window_operations.hpp */ = {isa = PBXFileReference; lastKnownFileType = sourcecode.cpp.h; path = window_operations.hpp; sourceTree = "<group>"; };
		3624F65221C0FD7F00EAF9E3 /* segmentation.cpp */ = {isa = PBXFileReference; lastKnownFileType = sourcecode.cpp.cpp; path = segmentation.cpp; sourceTree = "<group>"; };
		3624F65321C0FD7F00EAF9E3 /* segmentation.hpp */ = {isa = PBXFileReference; lastKnownFileType = sourcecode.cpp.h; path = segmentation.hpp; sourceTree = "<group>"; };
		3624F65521C10B5E00EAF9E3 /* shape_analyze.cpp */ = {isa = PBXFileReference; lastKnownFileType = sourcecode.cpp.cpp; path = shape_analyze.cpp; sourceTree = "<group>"; };
		3624F65621C10B5E00EAF9E3 /* shape_analyze.hpp */ = {isa = PBXFileReference; lastKnownFileType = sourcecode.cpp.h; path = shape_analyze.hpp; sourceTree = "<group>"; };
		36B78ED921BD494700F036DA /* finding_pepsi */ = {isa = PBXFileReference; explicitFileType = "compiled.mach-o.executable"; includeInIndex = 0; path = finding_pepsi; sourceTree = BUILT_PRODUCTS_DIR; };
		36B78EDC21BD494700F036DA /* main.cpp */ = {isa = PBXFileReference; lastKnownFileType = sourcecode.cpp.cpp; path = main.cpp; sourceTree = "<group>"; };
/* End PBXFileReference section */

/* Begin PBXFrameworksBuildPhase section */
		36B78ED621BD494700F036DA /* Frameworks */ = {
			isa = PBXFrameworksBuildPhase;
			buildActionMask = 2147483647;
			files = (
			);
			runOnlyForDeploymentPostprocessing = 0;
		};
/* End PBXFrameworksBuildPhase section */

/* Begin PBXGroup section */
		36B78ED021BD494700F036DA = {
			isa = PBXGroup;
			children = (
				36B78EDB21BD494700F036DA /* finding_pepsi */,
				36B78EDA21BD494700F036DA /* Products */,
			);
			sourceTree = "<group>";
		};
		36B78EDA21BD494700F036DA /* Products */ = {
			isa = PBXGroup;
			children = (
				36B78ED921BD494700F036DA /* finding_pepsi */,
			);
			name = Products;
			sourceTree = "<group>";
		};
		36B78EDB21BD494700F036DA /* finding_pepsi */ = {
			isa = PBXGroup;
			children = (
				36B78EDC21BD494700F036DA /* main.cpp */,
				3624F64921C0E94E00EAF9E3 /* point_operations.cpp */,
				3624F64A21C0E94E00EAF9E3 /* point_operations.hpp */,
				3624F64C21C0EA0100EAF9E3 /* utils.cpp */,
				3624F64D21C0EA0100EAF9E3 /* utils.hpp */,
				3624F64F21C0F0A800EAF9E3 /* window_operations.cpp */,
				3624F65021C0F0A800EAF9E3 /* window_operations.hpp */,
				3624F65221C0FD7F00EAF9E3 /* segmentation.cpp */,
				3624F65321C0FD7F00EAF9E3 /* segmentation.hpp */,
				3624F65521C10B5E00EAF9E3 /* shape_analyze.cpp */,
				3624F65621C10B5E00EAF9E3 /* shape_analyze.hpp */,
			);
			path = finding_pepsi;
			sourceTree = "<group>";
		};
/* End PBXGroup section */

/* Begin PBXNativeTarget section */
		36B78ED821BD494700F036DA /* finding_pepsi */ = {
			isa = PBXNativeTarget;
			buildConfigurationList = 36B78EE021BD494700F036DA /* Build configuration list for PBXNativeTarget "finding_pepsi" */;
			buildPhases = (
				36B78ED521BD494700F036DA /* Sources */,
				36B78ED621BD494700F036DA /* Frameworks */,
				36B78ED721BD494700F036DA /* CopyFiles */,
			);
			buildRules = (
			);
			dependencies = (
			);
			name = finding_pepsi;
			productName = finding_pepsi;
			productReference = 36B78ED921BD494700F036DA /* finding_pepsi */;
			productType = "com.apple.product-type.tool";
		};
/* End PBXNativeTarget section */

/* Begin PBXProject section */
		36B78ED121BD494700F036DA /* Project object */ = {
			isa = PBXProject;
			attributes = {
				LastUpgradeCheck = 1000;
				ORGANIZATIONNAME = "Paweł Rybak";
				TargetAttributes = {
					36B78ED821BD494700F036DA = {
						CreatedOnToolsVersion = 10.0;
					};
				};
			};
			buildConfigurationList = 36B78ED421BD494700F036DA /* Build configuration list for PBXProject "finding_pepsi" */;
			compatibilityVersion = "Xcode 10.0";
			developmentRegion = en;
			hasScannedForEncodings = 0;
			knownRegions = (
				en,
			);
			mainGroup = 36B78ED021BD494700F036DA;
			productRefGroup = 36B78EDA21BD494700F036DA /* Products */;
			projectDirPath = "";
			projectRoot = "";
			targets = (
				36B78ED821BD494700F036DA /* finding_pepsi */,
			);
		};
/* End PBXProject section */

/* Begin PBXSourcesBuildPhase section */
		36B78ED521BD494700F036DA /* Sources */ = {
			isa = PBXSourcesBuildPhase;
			buildActionMask = 2147483647;
			files = (
				36B78EDD21BD494700F036DA /* main.cpp in Sources */,
				3624F64E21C0EA0100EAF9E3 /* utils.cpp in Sources */,
				3624F65121C0F0A800EAF9E3 /* window_operations.cpp in Sources */,
				3624F64B21C0E94E00EAF9E3 /* point_operations.cpp in Sources */,
				3624F65721C10B5E00EAF9E3 /* shape_analyze.cpp in Sources */,
				3624F65421C0FD7F00EAF9E3 /* segmentation.cpp in Sources */,
			);
			runOnlyForDeploymentPostprocessing = 0;
		};
/* End PBXSourcesBuildPhase section */

/* Begin XCBuildConfiguration section */
		36B78EDE21BD494700F036DA /* Debug */ = {
			isa = XCBuildConfiguration;
			buildSettings = {
				ALWAYS_SEARCH_USER_PATHS = NO;
				CLANG_ANALYZER_NONNULL = YES;
				CLANG_ANALYZER_NUMBER_OBJECT_CONVERSION = YES_AGGRESSIVE;
				CLANG_CXX_LANGUAGE_STANDARD = "gnu++14";
				CLANG_CXX_LIBRARY = "libc++";
				CLANG_ENABLE_MODULES = YES;
				CLANG_ENABLE_OBJC_ARC = YES;
				CLANG_ENABLE_OBJC_WEAK = YES;
				CLANG_WARN_BLOCK_CAPTURE_AUTORELEASING = YES;
				CLANG_WARN_BOOL_CONVERSION = YES;
				CLANG_WARN_COMMA = YES;
				CLANG_WARN_CONSTANT_CONVERSION = YES;
				CLANG_WARN_DEPRECATED_OBJC_IMPLEMENTATIONS = YES;
				CLANG_WARN_DIRECT_OBJC_ISA_USAGE = YES_ERROR;
				CLANG_WARN_DOCUMENTATION_COMMENTS = YES;
				CLANG_WARN_EMPTY_BODY = YES;
				CLANG_WARN_ENUM_CONVERSION = YES;
				CLANG_WARN_INFINITE_RECURSION = YES;
				CLANG_WARN_INT_CONVERSION = YES;
				CLANG_WARN_NON_LITERAL_NULL_CONVERSION = YES;
				CLANG_WARN_OBJC_IMPLICIT_RETAIN_SELF = YES;
				CLANG_WARN_OBJC_LITERAL_CONVERSION = YES;
				CLANG_WARN_OBJC_ROOT_CLASS = YES_ERROR;
				CLANG_WARN_RANGE_LOOP_ANALYSIS = YES;
				CLANG_WARN_STRICT_PROTOTYPES = YES;
				CLANG_WARN_SUSPICIOUS_MOVE = YES;
				CLANG_WARN_UNGUARDED_AVAILABILITY = YES_AGGRESSIVE;
				CLANG_WARN_UNREACHABLE_CODE = YES;
				CLANG_WARN__DUPLICATE_METHOD_MATCH = YES;
				CODE_SIGN_IDENTITY = "-";
				COPY_PHASE_STRIP = NO;
				DEBUG_INFORMATION_FORMAT = dwarf;
				ENABLE_STRICT_OBJC_MSGSEND = YES;
				ENABLE_TESTABILITY = YES;
				GCC_C_LANGUAGE_STANDARD = gnu11;
				GCC_DYNAMIC_NO_PIC = NO;
				GCC_NO_COMMON_BLOCKS = YES;
				GCC_OPTIMIZATION_LEVEL = 0;
				GCC_PREPROCESSOR_DEFINITIONS = (
					"DEBUG=1",
					"$(inherited)",
				);
				GCC_WARN_64_TO_32_BIT_CONVERSION = YES;
				GCC_WARN_ABOUT_RETURN_TYPE = YES_ERROR;
				GCC_WARN_UNDECLARED_SELECTOR = YES;
				GCC_WARN_UNINITIALIZED_AUTOS = YES_AGGRESSIVE;
				GCC_WARN_UNUSED_FUNCTION = YES;
				GCC_WARN_UNUSED_VARIABLE = YES;
				MACOSX_DEPLOYMENT_TARGET = 10.14;
				MTL_ENABLE_DEBUG_INFO = INCLUDE_SOURCE;
				MTL_FAST_MATH = YES;
				ONLY_ACTIVE_ARCH = YES;
				SDKROOT = macosx;
			};
			name = Debug;
		};
		36B78EDF21BD494700F036DA /* Release */ = {
			isa = XCBuildConfiguration;
			buildSettings = {
				ALWAYS_SEARCH_USER_PATHS = NO;
				CLANG_ANALYZER_NONNULL = YES;
				CLANG_ANALYZER_NUMBER_OBJECT_CONVERSION = YES_AGGRESSIVE;
				CLANG_CXX_LANGUAGE_STANDARD = "gnu++14";
				CLANG_CXX_LIBRARY = "libc++";
				CLANG_ENABLE_MODULES = YES;
				CLANG_ENABLE_OBJC_ARC = YES;
				CLANG_ENABLE_OBJC_WEAK = YES;
				CLANG_WARN_BLOCK_CAPTURE_AUTORELEASING = YES;
				CLANG_WARN_BOOL_CONVERSION = YES;
				CLANG_WARN_COMMA = YES;
				CLANG_WARN_CONSTANT_CONVERSION = YES;
				CLANG_WARN_DEPRECATED_OBJC_IMPLEMENTATIONS = YES;
				CLANG_WARN_DIRECT_OBJC_ISA_USAGE = YES_ERROR;
				CLANG_WARN_DOCUMENTATION_COMMENTS = YES;
				CLANG_WARN_EMPTY_BODY = YES;
				CLANG_WARN_ENUM_CONVERSION = YES;
				CLANG_WARN_INFINITE_RECURSION = YES;
				CLANG_WARN_INT_CONVERSION = YES;
				CLANG_WARN_NON_LITERAL_NULL_CONVERSION = YES;
				CLANG_WARN_OBJC_IMPLICIT_RETAIN_SELF = YES;
				CLANG_WARN_OBJC_LITERAL_CONVERSION = YES;
				CLANG_WARN_OBJC_ROOT_CLASS = YES_ERROR;
				CLANG_WARN_RANGE_LOOP_ANALYSIS = YES;
				CLANG_WARN_STRICT_PROTOTYPES = YES;
				CLANG_WARN_SUSPICIOUS_MOVE = YES;
				CLANG_WARN_UNGUARDED_AVAILABILITY = YES_AGGRESSIVE;
				CLANG_WARN_UNREACHABLE_CODE = YES;
				CLANG_WARN__DUPLICATE_METHOD_MATCH = YES;
				CODE_SIGN_IDENTITY = "-";
				COPY_PHASE_STRIP = NO;
				DEBUG_INFORMATION_FORMAT = "dwarf-with-dsym";
				ENABLE_NS_ASSERTIONS = NO;
				ENABLE_STRICT_OBJC_MSGSEND = YES;
				GCC_C_LANGUAGE_STANDARD = gnu11;
				GCC_NO_COMMON_BLOCKS = YES;
				GCC_WARN_64_TO_32_BIT_CONVERSION = YES;
				GCC_WARN_ABOUT_RETURN_TYPE = YES_ERROR;
				GCC_WARN_UNDECLARED_SELECTOR = YES;
				GCC_WARN_UNINITIALIZED_AUTOS = YES_AGGRESSIVE;
				GCC_WARN_UNUSED_FUNCTION = YES;
				GCC_WARN_UNUSED_VARIABLE = YES;
				MACOSX_DEPLOYMENT_TARGET = 10.14;
				MTL_ENABLE_DEBUG_INFO = NO;
				MTL_FAST_MATH = YES;
				SDKROOT = macosx;
			};
			name = Release;
		};
		36B78EE121BD494700F036DA /* Debug */ = {
			isa = XCBuildConfiguration;
			buildSettings = {
				CLANG_CXX_LANGUAGE_STANDARD = "c++17";
				CODE_SIGN_STYLE = Automatic;
				"HEADER_SEARCH_PATHS[arch=*]" = /usr/local/Cellar/opencv/3.4.3_1/include/;
				LIBRARY_SEARCH_PATHS = /usr/local/Cellar/opencv/3.4.3_1/lib/;
				OTHER_LDFLAGS = (
					"-I/usr/local/Cellar/opencv/3.4.3_1/include/opencv",
					"-I/usr/local/Cellar/opencv/3.4.3_1/include",
					"-L/usr/local/Cellar/opencv/3.4.3_1/lib",
					"-lopencv_stitching",
					"-lopencv_superres",
					"-lopencv_videostab",
					"-lopencv_aruco",
					"-lopencv_bgsegm",
					"-lopencv_bioinspired",
					"-lopencv_ccalib",
					"-lopencv_dnn_objdetect",
					"-lopencv_dpm",
					"-lopencv_face",
					"-lopencv_photo",
					"-lopencv_fuzzy",
					"-lopencv_hfs",
					"-lopencv_img_hash",
					"-lopencv_line_descriptor",
					"-lopencv_optflow",
					"-lopencv_reg",
					"-lopencv_rgbd",
					"-lopencv_saliency",
					"-lopencv_sfm",
					"-lopencv_stereo",
					"-lopencv_structured_light",
					"-lopencv_phase_unwrapping",
					"-lopencv_surface_matching",
					"-lopencv_tracking",
					"-lopencv_datasets",
					"-lopencv_dnn",
					"-lopencv_plot",
					"-lopencv_xfeatures2d",
					"-lopencv_shape",
					"-lopencv_video",
					"-lopencv_ml",
					"-lopencv_ximgproc",
					"-lopencv_calib3d",
					"-lopencv_features2d",
					"-lopencv_highgui",
					"-lopencv_videoio",
					"-lopencv_flann",
					"-lopencv_xobjdetect",
					"-lopencv_imgcodecs",
					"-lopencv_objdetect",
					"-lopencv_xphoto",
					"-lopencv_imgproc",
					"-lopencv_core",
				);
				PRODUCT_NAME = "$(TARGET_NAME)";
			};
			name = Debug;
		};
		36B78EE221BD494700F036DA /* Release */ = {
			isa = XCBuildConfiguration;
			buildSettings = {
				CLANG_CXX_LANGUAGE_STANDARD = "c++17";
				CODE_SIGN_STYLE = Automatic;
				HEADER_SEARCH_PATHS = /usr/local/Cellar/opencv/3.4.3_1/include/;
				LIBRARY_SEARCH_PATHS = "";
				OTHER_LDFLAGS = (
					"-I/usr/local/Cellar/opencv/3.4.3_1/include/opencv",
					"-I/usr/local/Cellar/opencv/3.4.3_1/include",
					"-L/usr/local/Cellar/opencv/3.4.3_1/lib",
					"-lopencv_stitching",
					"-lopencv_superres",
					"-lopencv_videostab",
					"-lopencv_aruco",
					"-lopencv_bgsegm",
					"-lopencv_bioinspired",
					"-lopencv_ccalib",
					"-lopencv_dnn_objdetect",
					"-lopencv_dpm",
					"-lopencv_face",
					"-lopencv_photo",
					"-lopencv_fuzzy",
					"-lopencv_hfs",
					"-lopencv_img_hash",
					"-lopencv_line_descriptor",
					"-lopencv_optflow",
					"-lopencv_reg",
					"-lopencv_rgbd",
					"-lopencv_saliency",
					"-lopencv_sfm",
					"-lopencv_stereo",
					"-lopencv_structured_light",
					"-lopencv_phase_unwrapping",
					"-lopencv_surface_matching",
					"-lopencv_tracking",
					"-lopencv_datasets",
					"-lopencv_dnn",
					"-lopencv_plot",
					"-lopencv_xfeatures2d",
					"-lopencv_shape",
					"-lopencv_video",
					"-lopencv_ml",
					"-lopencv_ximgproc",
					"-lopencv_calib3d",
					"-lopencv_features2d",
					"-lopencv_highgui",
					"-lopencv_videoio",
					"-lopencv_flann",
					"-lopencv_xobjdetect",
					"-lopencv_imgcodecs",
					"-lopencv_objdetect",
					"-lopencv_xphoto",
					"-lopencv_imgproc",
					"-lopencv_core",
				);
				PRODUCT_NAME = "$(TARGET_NAME)";
			};
			name = Release;
		};
/* End XCBuildConfiguration section */

/* Begin XCConfigurationList section */
		36B78ED421BD494700F036DA /* Build configuration list for PBXProject "finding_pepsi" */ = {
			isa = XCConfigurationList;
			buildConfigurations = (
				36B78EDE21BD494700F036DA /* Debug */,
				36B78EDF21BD494700F036DA /* Release */,
			);
			defaultConfigurationIsVisible = 0;
			defaultConfigurationName = Release;
		};
		36B78EE021BD494700F036DA /* Build configuration list for PBXNativeTarget "finding_pepsi" */ = {
			isa = XCConfigurationList;
			buildConfigurations = (
				36B78EE121BD494700F036DA /* Debug */,
				36B78EE221BD494700F036DA /* Release */,
			);
			defaultConfigurationIsVisible = 0;
			defaultConfigurationName = Release;
		};
/* End XCConfigurationList section */
	};
	rootObject = 36B78ED121BD494700F036DA /* Project object */;
}
